// !$*UTF8*$!
{
	archiveVersion = 1;
	classes = {
	};
	objectVersion = 46;
	objects = {

/* Begin PBXAggregateTarget section */
		FD6A30135A0E99668B7B20C1 /* All */ = {
			isa = PBXAggregateTarget;
			buildConfigurationList = F0ADED28A1C8697467046754 /* Build configuration list for PBXAggregateTarget "All" */;
			buildPhases = (
			);
			dependencies = (
				809ADCC292D4B58815DBE958 /* PBXTargetDependency */,
				185465E8A964CEC0042CA0F7 /* PBXTargetDependency */,
			);
			name = All;
			productName = All;
		};
/* End PBXAggregateTarget section */

/* Begin PBXBuildFile section */
		09BF919D0BC02694A7BD1AC1 /* main.m in Sources */ = {isa = PBXBuildFile; fileRef = A8F0F3AC80FA3D5C6CAD0901 /* main.m */; };
		10F39329B09C60D6459F7659 /* AppKit.framework in Frameworks */ = {isa = PBXBuildFile; fileRef = 9F2FD9FE4B0BE79899EF16B9 /* AppKit.framework */; };
		20727CE9149D4B619A828AFE /* HopService.m in Sources */ = {isa = PBXBuildFile; fileRef = 2F2E076FA380B56D406F09D1 /* HopService.m */; };
		3A0EEEFC59EAE8906F2E9ACD /* TestService.m in Sources */ = {isa = PBXBuildFile; fileRef = 2BE6102B939DB0F14AF1CD6C /* TestService.m */; };
		41B5DEAFB8D28E7903CC1FAB /* MainMenu.xib in Resources */ = {isa = PBXBuildFile; fileRef = 8FA3555DAEBF8D6C8F718912 /* MainMenu.xib */; };
		54065EC1F877B303E21BD686 /* Foundation.framework in Frameworks */ = {isa = PBXBuildFile; fileRef = 1B36146F8A9B08F2CA0B2C2E /* Foundation.framework */; };
		76EB44B8B206499A96C06607 /* libPods.a in Frameworks */ = {isa = PBXBuildFile; fileRef = B47E13CAF41C4327AB5CD315 /* libPods.a */; };
		80C8FDF93B619B1C03B7D826 /* HopMethodCall.m in Sources */ = {isa = PBXBuildFile; fileRef = 98CA232F04C43F1B47F8AF54 /* HopMethodCall.m */; };
		843EF9CE64935686135D073D /* InfoPlist.strings in Resources */ = {isa = PBXBuildFile; fileRef = 8E2523858D4CAB6FFAB8E2D3 /* InfoPlist.strings */; };
		91232A59D066D57B006FF246 /* UserService.m in Sources */ = {isa = PBXBuildFile; fileRef = ED362F9BC014945F42C45151 /* UserService.m */; };
		A70BE58F853943212974BED0 /* HopAPI.framework in Frameworks */ = {isa = PBXBuildFile; fileRef = E168D3AFA36EBFC0295A32FB /* HopAPI.framework */; };
		BE5929AEF2745825959F483F /* AppKit.framework in Frameworks */ = {isa = PBXBuildFile; fileRef = 9F2FD9FE4B0BE79899EF16B9 /* AppKit.framework */; };
		C1D433ACA178D835438D4929 /* Foundation.framework in Frameworks */ = {isa = PBXBuildFile; fileRef = 1B36146F8A9B08F2CA0B2C2E /* Foundation.framework */; };
		E1DF5B322D299B66939918CE /* WebTesterAppDelegate.m in Sources */ = {isa = PBXBuildFile; fileRef = 4C601F380828CDBD4580C277 /* WebTesterAppDelegate.m */; };
		EA2C875080C740ABC5FA152A /* Credits.rtf in Resources */ = {isa = PBXBuildFile; fileRef = 37E9D7BBBC0BE74BB448A75B /* Credits.rtf */; };
		EEA2EC57F4763D73BA332176 /* Cocoa.framework in Frameworks */ = {isa = PBXBuildFile; fileRef = 049C7C55BC12F895D16F9D60 /* Cocoa.framework */; };
/* End PBXBuildFile section */

/* Begin PBXContainerItemProxy section */
		71B4F2BDE8241D5BDE0A3B7A /* PBXContainerItemProxy */ = {
			isa = PBXContainerItemProxy;
			containerPortal = CBD2D4ABB3C8899880D9CFBE /* Project object */;
			proxyType = 1;
			remoteGlobalIDString = 4D05ECF48DED3B0EA2A8A337;
			remoteInfo = HopWebTester;
		};
		B8B86DD78B056ADA8B754902 /* PBXContainerItemProxy */ = {
			isa = PBXContainerItemProxy;
			containerPortal = CBD2D4ABB3C8899880D9CFBE /* Project object */;
			proxyType = 1;
			remoteGlobalIDString = 184D40E5FE9DED61BD3958A5;
			remoteInfo = HopAPI;
		};
		D71BF9B9EA45922E244AD3DD /* PBXContainerItemProxy */ = {
			isa = PBXContainerItemProxy;
			containerPortal = CBD2D4ABB3C8899880D9CFBE /* Project object */;
			proxyType = 1;
			remoteGlobalIDString = 184D40E5FE9DED61BD3958A5;
			remoteInfo = HopAPI;
		};
/* End PBXContainerItemProxy section */

/* Begin PBXFileReference section */
		049C7C55BC12F895D16F9D60 /* Cocoa.framework */ = {isa = PBXFileReference; lastKnownFileType = wrapper.framework; name = Cocoa.framework; path = System/Library/Frameworks/Cocoa.framework; sourceTree = SDKROOT; };
		053C87C201428B2AC65C4DB9 /* HopWebTester.gyp */ = {isa = PBXFileReference; explicitFileType = sourcecode; path = HopWebTester.gyp; sourceTree = "<group>"; };
		0B752AA72B3F3388F6FFF5AA /* HopMethodCall.h */ = {isa = PBXFileReference; lastKnownFileType = sourcecode.c.h; path = HopMethodCall.h; sourceTree = "<group>"; };
		1A209DAA12A535612743AE30 /* en */ = {isa = PBXFileReference; lastKnownFileType = text.plist.strings; name = en; path = en.lproj/InfoPlist.strings; sourceTree = "<group>"; };
		1B36146F8A9B08F2CA0B2C2E /* Foundation.framework */ = {isa = PBXFileReference; lastKnownFileType = wrapper.framework; name = Foundation.framework; path = System/Library/Frameworks/Foundation.framework; sourceTree = SDKROOT; };
		2486916495FE24C6E3E821B1 /* en */ = {isa = PBXFileReference; lastKnownFileType = file.xib; name = en; path = en.lproj/MainMenu.xib; sourceTree = "<group>"; };
		2AE57BB97D8485AFE39AE770 /* en */ = {isa = PBXFileReference; lastKnownFileType = text; name = en; path = en.lproj/Credits.rtf; sourceTree = "<group>"; };
		2B0AAF5CE47F427AA03C9D09 /* HopWebTester.app */ = {isa = PBXFileReference; explicitFileType = wrapper.application; includeInIndex = 0; path = HopWebTester.app; sourceTree = BUILT_PRODUCTS_DIR; };
		2BE6102B939DB0F14AF1CD6C /* TestService.m */ = {isa = PBXFileReference; lastKnownFileType = sourcecode.c.objc; path = TestService.m; sourceTree = "<group>"; };
		2F2E076FA380B56D406F09D1 /* HopService.m */ = {isa = PBXFileReference; lastKnownFileType = sourcecode.c.objc; path = HopService.m; sourceTree = "<group>"; };
		4C601F380828CDBD4580C277 /* WebTesterAppDelegate.m */ = {isa = PBXFileReference; lastKnownFileType = sourcecode.c.objc; path = WebTesterAppDelegate.m; sourceTree = "<group>"; };
		6088FAD258B17D09C4C2466C /* TestService.h */ = {isa = PBXFileReference; lastKnownFileType = sourcecode.c.h; path = TestService.h; sourceTree = "<group>"; };
		8051E1F6AE50F0FDC110152A /* HopService.h */ = {isa = PBXFileReference; lastKnownFileType = sourcecode.c.h; path = HopService.h; sourceTree = "<group>"; };
		891FC7C232C44C2CB02DF138 /* Pods.xcconfig */ = {isa = PBXFileReference; includeInIndex = 1; lastKnownFileType = text.xcconfig; name = Pods.xcconfig; path = Pods/Pods.xcconfig; sourceTree = "<group>"; };
		897FA458F4A0C53ABCEEA0F2 /* HopWebTester-Prefix.pch */ = {isa = PBXFileReference; lastKnownFileType = text; path = "HopWebTester-Prefix.pch"; sourceTree = "<group>"; };
		8BD786B3150227945E8AE16C /* WebTesterAppDelegate.h */ = {isa = PBXFileReference; lastKnownFileType = sourcecode.c.h; path = WebTesterAppDelegate.h; sourceTree = "<group>"; };
		91F25A439B785D21211BE683 /* UserService.h */ = {isa = PBXFileReference; lastKnownFileType = sourcecode.c.h; path = UserService.h; sourceTree = "<group>"; };
		98CA232F04C43F1B47F8AF54 /* HopMethodCall.m */ = {isa = PBXFileReference; lastKnownFileType = sourcecode.c.objc; path = HopMethodCall.m; sourceTree = "<group>"; };
		9F2FD9FE4B0BE79899EF16B9 /* AppKit.framework */ = {isa = PBXFileReference; lastKnownFileType = wrapper.framework; name = AppKit.framework; path = System/Library/Frameworks/AppKit.framework; sourceTree = SDKROOT; };
		A8F0F3AC80FA3D5C6CAD0901 /* main.m */ = {isa = PBXFileReference; lastKnownFileType = sourcecode.c.objc; path = main.m; sourceTree = "<group>"; };
		B47E13CAF41C4327AB5CD315 /* libPods.a */ = {isa = PBXFileReference; explicitFileType = archive.ar; includeInIndex = 0; path = libPods.a; sourceTree = BUILT_PRODUCTS_DIR; };
		E168D3AFA36EBFC0295A32FB /* HopAPI.framework */ = {isa = PBXFileReference; explicitFileType = wrapper.framework; includeInIndex = 0; path = HopAPI.framework; sourceTree = BUILT_PRODUCTS_DIR; };
		ED362F9BC014945F42C45151 /* UserService.m */ = {isa = PBXFileReference; lastKnownFileType = sourcecode.c.objc; path = UserService.m; sourceTree = "<group>"; };
/* End PBXFileReference section */

/* Begin PBXFrameworksBuildPhase section */
		C18D2EEDBAAD7454897E525B /* Frameworks */ = {
			isa = PBXFrameworksBuildPhase;
			buildActionMask = 2147483647;
			files = (
				54065EC1F877B303E21BD686 /* Foundation.framework in Frameworks */,
				10F39329B09C60D6459F7659 /* AppKit.framework in Frameworks */,
				76EB44B8B206499A96C06607 /* libPods.a in Frameworks */,
			);
			runOnlyForDeploymentPostprocessing = 0;
		};
		F343EBCB5615636171E95161 /* Frameworks */ = {
			isa = PBXFrameworksBuildPhase;
			buildActionMask = 2147483647;
			files = (
				A70BE58F853943212974BED0 /* HopAPI.framework in Frameworks */,
				EEA2EC57F4763D73BA332176 /* Cocoa.framework in Frameworks */,
				C1D433ACA178D835438D4929 /* Foundation.framework in Frameworks */,
				BE5929AEF2745825959F483F /* AppKit.framework in Frameworks */,
			);
			runOnlyForDeploymentPostprocessing = 0;
		};
/* End PBXFrameworksBuildPhase section */

/* Begin PBXGroup section */
		20EAEE847D96A5EB659D9EB2 /* Source */ = {
			isa = PBXGroup;
			children = (
				4B3622CA8A8624D1F0F5D335 /* HopAPI */,
				608E0BD94942D3CD96ED5D01 /* HopWebTester */,
			);
			name = Source;
			sourceTree = "<group>";
		};
		4B3622CA8A8624D1F0F5D335 /* HopAPI */ = {
			isa = PBXGroup;
			children = (
				0B752AA72B3F3388F6FFF5AA /* HopMethodCall.h */,
				98CA232F04C43F1B47F8AF54 /* HopMethodCall.m */,
				8051E1F6AE50F0FDC110152A /* HopService.h */,
				2F2E076FA380B56D406F09D1 /* HopService.m */,
				6088FAD258B17D09C4C2466C /* TestService.h */,
				2BE6102B939DB0F14AF1CD6C /* TestService.m */,
				91F25A439B785D21211BE683 /* UserService.h */,
				ED362F9BC014945F42C45151 /* UserService.m */,
			);
			path = HopAPI;
			sourceTree = "<group>";
		};
		55EC1E73A90B98B69B16E83D = {
			isa = PBXGroup;
			children = (
				20EAEE847D96A5EB659D9EB2 /* Source */,
				D64C9EEE2C73EAC08E98A92A /* Frameworks */,
				DDBFE4857954D70956971845 /* Products */,
				F92AEABBDB706BD1DD344F94 /* Build */,
				891FC7C232C44C2CB02DF138 /* Pods.xcconfig */,
			);
			sourceTree = "<group>";
		};
		608E0BD94942D3CD96ED5D01 /* HopWebTester */ = {
			isa = PBXGroup;
			children = (
				37E9D7BBBC0BE74BB448A75B /* Credits.rtf */,
				897FA458F4A0C53ABCEEA0F2 /* HopWebTester-Prefix.pch */,
				8E2523858D4CAB6FFAB8E2D3 /* InfoPlist.strings */,
				8FA3555DAEBF8D6C8F718912 /* MainMenu.xib */,
				8BD786B3150227945E8AE16C /* WebTesterAppDelegate.h */,
				4C601F380828CDBD4580C277 /* WebTesterAppDelegate.m */,
				A8F0F3AC80FA3D5C6CAD0901 /* main.m */,
			);
			path = HopWebTester;
			sourceTree = "<group>";
		};
		D64C9EEE2C73EAC08E98A92A /* Frameworks */ = {
			isa = PBXGroup;
			children = (
				9F2FD9FE4B0BE79899EF16B9 /* AppKit.framework */,
				049C7C55BC12F895D16F9D60 /* Cocoa.framework */,
				1B36146F8A9B08F2CA0B2C2E /* Foundation.framework */,
				B47E13CAF41C4327AB5CD315 /* libPods.a */,
			);
			name = Frameworks;
			sourceTree = "<group>";
		};
		DDBFE4857954D70956971845 /* Products */ = {
			isa = PBXGroup;
			children = (
				E168D3AFA36EBFC0295A32FB /* HopAPI.framework */,
				2B0AAF5CE47F427AA03C9D09 /* HopWebTester.app */,
			);
			name = Products;
			sourceTree = "<group>";
		};
		F92AEABBDB706BD1DD344F94 /* Build */ = {
			isa = PBXGroup;
			children = (
				053C87C201428B2AC65C4DB9 /* HopWebTester.gyp */,
			);
			name = Build;
			sourceTree = "<group>";
		};
/* End PBXGroup section */

/* Begin PBXNativeTarget section */
		184D40E5FE9DED61BD3958A5 /* HopAPI */ = {
			isa = PBXNativeTarget;
			buildConfigurationList = 39D6066565A23925B4B4A241 /* Build configuration list for PBXNativeTarget "HopAPI" */;
			buildPhases = (
				D8E4ED17B9984C58A9768F46 /* Check Pods Manifest.lock */,
				DC4EF9A75CE3B315C4F470D3 /* Sources */,
				C18D2EEDBAAD7454897E525B /* Frameworks */,
				AA2049C1D184431289CE15FC /* Copy Pods Resources */,
			);
			buildRules = (
			);
			dependencies = (
			);
			name = HopAPI;
			productName = HopAPI;
			productReference = E168D3AFA36EBFC0295A32FB /* HopAPI.framework */;
			productType = "com.apple.product-type.framework";
		};
		4D05ECF48DED3B0EA2A8A337 /* HopWebTester */ = {
			isa = PBXNativeTarget;
			buildConfigurationList = 25E7221124776017B28B6A09 /* Build configuration list for PBXNativeTarget "HopWebTester" */;
			buildPhases = (
				56B272A8429FCF84FD277B08 /* Resources */,
				381E50F54D4D088787C7A35C /* Sources */,
				F343EBCB5615636171E95161 /* Frameworks */,
			);
			buildRules = (
			);
			dependencies = (
				E21D725B57FE3BD53A34708F /* PBXTargetDependency */,
			);
			name = HopWebTester;
			productName = HopWebTester;
			productReference = 2B0AAF5CE47F427AA03C9D09 /* HopWebTester.app */;
			productType = "com.apple.product-type.application";
		};
/* End PBXNativeTarget section */

/* Begin PBXProject section */
		CBD2D4ABB3C8899880D9CFBE /* Project object */ = {
			isa = PBXProject;
			attributes = {
				BuildIndependentTargetsInParallel = YES;
			};
			buildConfigurationList = 6726B7CA0F1F2074EF6ACFD9 /* Build configuration list for PBXProject "HopWebTester" */;
			compatibilityVersion = "Xcode 3.2";
			developmentRegion = English;
			hasScannedForEncodings = 1;
			knownRegions = (
				en,
			);
			mainGroup = 55EC1E73A90B98B69B16E83D;
			projectDirPath = "";
			projectRoot = "";
			targets = (
				FD6A30135A0E99668B7B20C1 /* All */,
				184D40E5FE9DED61BD3958A5 /* HopAPI */,
				4D05ECF48DED3B0EA2A8A337 /* HopWebTester */,
			);
		};
/* End PBXProject section */

/* Begin PBXResourcesBuildPhase section */
		56B272A8429FCF84FD277B08 /* Resources */ = {
			isa = PBXResourcesBuildPhase;
			buildActionMask = 2147483647;
			files = (
				EA2C875080C740ABC5FA152A /* Credits.rtf in Resources */,
				843EF9CE64935686135D073D /* InfoPlist.strings in Resources */,
				41B5DEAFB8D28E7903CC1FAB /* MainMenu.xib in Resources */,
			);
			runOnlyForDeploymentPostprocessing = 0;
		};
/* End PBXResourcesBuildPhase section */

/* Begin PBXShellScriptBuildPhase section */
		AA2049C1D184431289CE15FC /* Copy Pods Resources */ = {
			isa = PBXShellScriptBuildPhase;
			buildActionMask = 2147483647;
			files = (
			);
			inputPaths = (
			);
			name = "Copy Pods Resources";
			outputPaths = (
			);
			runOnlyForDeploymentPostprocessing = 0;
			shellPath = /bin/sh;
			shellScript = "\"${SRCROOT}/Pods/Pods-resources.sh\"\n";
			showEnvVarsInLog = 0;
		};
		D8E4ED17B9984C58A9768F46 /* Check Pods Manifest.lock */ = {
			isa = PBXShellScriptBuildPhase;
			buildActionMask = 2147483647;
			files = (
			);
			inputPaths = (
			);
			name = "Check Pods Manifest.lock";
			outputPaths = (
			);
			runOnlyForDeploymentPostprocessing = 0;
			shellPath = /bin/sh;
			shellScript = "diff \"${PODS_ROOT}/../Podfile.lock\" \"${PODS_ROOT}/Manifest.lock\" > /dev/null\nif [[ $? != 0 ]] ; then\n    cat << EOM\nerror: The sandbox is not in sync with the Podfile.lock. Run 'pod install' or update your CocoaPods installation.\nEOM\n    exit 1\nfi\n";
			showEnvVarsInLog = 0;
		};
/* End PBXShellScriptBuildPhase section */

/* Begin PBXSourcesBuildPhase section */
		381E50F54D4D088787C7A35C /* Sources */ = {
			isa = PBXSourcesBuildPhase;
			buildActionMask = 2147483647;
			files = (
				E1DF5B322D299B66939918CE /* WebTesterAppDelegate.m in Sources */,
				09BF919D0BC02694A7BD1AC1 /* main.m in Sources */,
			);
			runOnlyForDeploymentPostprocessing = 0;
		};
		DC4EF9A75CE3B315C4F470D3 /* Sources */ = {
			isa = PBXSourcesBuildPhase;
			buildActionMask = 2147483647;
			files = (
				20727CE9149D4B619A828AFE /* HopService.m in Sources */,
				80C8FDF93B619B1C03B7D826 /* HopMethodCall.m in Sources */,
				3A0EEEFC59EAE8906F2E9ACD /* TestService.m in Sources */,
				91232A59D066D57B006FF246 /* UserService.m in Sources */,
			);
			runOnlyForDeploymentPostprocessing = 0;
		};
/* End PBXSourcesBuildPhase section */

/* Begin PBXTargetDependency section */
		185465E8A964CEC0042CA0F7 /* PBXTargetDependency */ = {
			isa = PBXTargetDependency;
			target = 4D05ECF48DED3B0EA2A8A337 /* HopWebTester */;
			targetProxy = 71B4F2BDE8241D5BDE0A3B7A /* PBXContainerItemProxy */;
		};
		809ADCC292D4B58815DBE958 /* PBXTargetDependency */ = {
			isa = PBXTargetDependency;
			target = 184D40E5FE9DED61BD3958A5 /* HopAPI */;
			targetProxy = D71BF9B9EA45922E244AD3DD /* PBXContainerItemProxy */;
		};
		E21D725B57FE3BD53A34708F /* PBXTargetDependency */ = {
			isa = PBXTargetDependency;
			target = 184D40E5FE9DED61BD3958A5 /* HopAPI */;
			targetProxy = B8B86DD78B056ADA8B754902 /* PBXContainerItemProxy */;
		};
/* End PBXTargetDependency section */

/* Begin PBXVariantGroup section */
		37E9D7BBBC0BE74BB448A75B /* Credits.rtf */ = {
			isa = PBXVariantGroup;
			children = (
				2AE57BB97D8485AFE39AE770 /* en */,
			);
			name = Credits.rtf;
			sourceTree = "<group>";
		};
		8E2523858D4CAB6FFAB8E2D3 /* InfoPlist.strings */ = {
			isa = PBXVariantGroup;
			children = (
				1A209DAA12A535612743AE30 /* en */,
			);
			name = InfoPlist.strings;
			sourceTree = "<group>";
		};
		8FA3555DAEBF8D6C8F718912 /* MainMenu.xib */ = {
			isa = PBXVariantGroup;
			children = (
				2486916495FE24C6E3E821B1 /* en */,
			);
			name = MainMenu.xib;
			sourceTree = "<group>";
		};
/* End PBXVariantGroup section */

/* Begin XCBuildConfiguration section */
		0C2BE14A08C1910409EF4DF6 /* Default */ = {
			isa = XCBuildConfiguration;
			baseConfigurationReference = 891FC7C232C44C2CB02DF138 /* Pods.xcconfig */;
			buildSettings = {
				ARCHS = "$(ARCHS_STANDARD_64_BIT)";
				LIBRARY_SEARCH_PATHS = "$(SDKROOT)/System/Library/Frameworks";
				MACOSX_DEPLOYMENT_TARGET = 10.7;
				OTHER_CFLAGS = "-fobjc-arc";
				PRODUCT_NAME = HopAPI;
				SDKROOT = macosx10.8;
				WRAPPER_PREFIX = "";
			};
			name = Default;
		};
		AD6CD2247FB5274E9D76147F /* Default */ = {
			isa = XCBuildConfiguration;
			buildSettings = {
				INTERMEDIATE_DIR = "$(PROJECT_DERIVED_FILE_DIR)/$(CONFIGURATION)";
				SHARED_INTERMEDIATE_DIR = "$(SYMROOT)/DerivedSources/$(CONFIGURATION)";
			};
			name = Default;
		};
		CD568ACBCF17AD9A2455601C /* Default */ = {
			isa = XCBuildConfiguration;
			buildSettings = {
				PRODUCT_NAME = All;
			};
			name = Default;
		};
		D47FF3323EE566A16DDE52CD /* Default */ = {
			isa = XCBuildConfiguration;
			buildSettings = {
				ARCHS = "$(ARCHS_STANDARD_64_BIT)";
				INFOPLIST_FILE = "HopWebTester/HopWebTester-Info.plist";
				LIBRARY_SEARCH_PATHS = "$(SDKROOT)/System/Library/Frameworks";
				MACOSX_DEPLOYMENT_TARGET = 10.7;
				OTHER_CFLAGS = "-fobjc-arc";
				PRODUCT_NAME = HopWebTester;
				SDKROOT = macosx10.8;
				WRAPPER_PREFIX = "";
			};
			name = Default;
		};
/* End XCBuildConfiguration section */

/* Begin XCConfigurationList section */
		25E7221124776017B28B6A09 /* Build configuration list for PBXNativeTarget "HopWebTester" */ = {
			isa = XCConfigurationList;
			buildConfigurations = (
				D47FF3323EE566A16DDE52CD /* Default */,
			);
			defaultConfigurationIsVisible = 1;
			defaultConfigurationName = Default;
		};
		39D6066565A23925B4B4A241 /* Build configuration list for PBXNativeTarget "HopAPI" */ = {
			isa = XCConfigurationList;
			buildConfigurations = (
				0C2BE14A08C1910409EF4DF6 /* Default */,
			);
			defaultConfigurationIsVisible = 1;
			defaultConfigurationName = Default;
		};
		6726B7CA0F1F2074EF6ACFD9 /* Build configuration list for PBXProject "HopWebTester" */ = {
			isa = XCConfigurationList;
			buildConfigurations = (
				AD6CD2247FB5274E9D76147F /* Default */,
			);
			defaultConfigurationIsVisible = 1;
			defaultConfigurationName = Default;
		};
		F0ADED28A1C8697467046754 /* Build configuration list for PBXAggregateTarget "All" */ = {
			isa = XCConfigurationList;
			buildConfigurations = (
				CD568ACBCF17AD9A2455601C /* Default */,
			);
			defaultConfigurationIsVisible = 1;
			defaultConfigurationName = Default;
		};
/* End XCConfigurationList section */
	};
	rootObject = CBD2D4ABB3C8899880D9CFBE /* Project object */;
}
